
Microsoft Visual Studio Solution File, Format Version 12.00
# Visual Studio Version 17
VisualStudioVersion = 17.0.31903.59
MinimumVisualStudioVersion = 10.0.40219.1
Project("{FAE04EC0-301F-11D3-BF4B-00C04F79EFBC}") = "GimmeDigital", "GimmeDigital\GimmeDigital.csproj", "{12E99E3F-EAC7-4F96-A31B-77F90313BD94}"
EndProject
Project("{FAE04EC0-301F-11D3-BF4B-00C04F79EFBC}") = "GimmeTesting", "GimmeTesting\GimmeTesting.csproj", "{C94247A7-2121-400E-8004-87CF5155DEFB}"
EndProject
Global
	GlobalSection(SolutionConfigurationPlatforms) = preSolution
		Debug|Any CPU = Debug|Any CPU
		Release|Any CPU = Release|Any CPU
	EndGlobalSection
	GlobalSection(SolutionProperties) = preSolution
		HideSolutionNode = FALSE
	EndGlobalSection
	GlobalSection(ProjectConfigurationPlatforms) = postSolution
		{12E99E3F-EAC7-4F96-A31B-77F90313BD94}.Debug|Any CPU.ActiveCfg = Debug|Any CPU
		{12E99E3F-EAC7-4F96-A31B-77F90313BD94}.Debug|Any CPU.Build.0 = Debug|Any CPU
		{12E99E3F-EAC7-4F96-A31B-77F90313BD94}.Release|Any CPU.ActiveCfg = Release|Any CPU
		{12E99E3F-EAC7-4F96-A31B-77F90313BD94}.Release|Any CPU.Build.0 = Release|Any CPU
		{C94247A7-2121-400E-8004-87CF5155DEFB}.Debug|Any CPU.ActiveCfg = Debug|Any CPU
		{C94247A7-2121-400E-8004-87CF5155DEFB}.Debug|Any CPU.Build.0 = Debug|Any CPU
		{C94247A7-2121-400E-8004-87CF5155DEFB}.Release|Any CPU.ActiveCfg = Release|Any CPU
		{C94247A7-2121-400E-8004-87CF5155DEFB}.Release|Any CPU.Build.0 = Release|Any CPU
	EndGlobalSection
EndGlobal
